{
  "name": "cypher-lsp-server",
  "version": "0.0.1",
  "lockfileVersion": 2,
  "requires": true,
  "packages": {
    "": {
      "name": "cypher-lsp-server",
      "version": "0.0.1",
      "license": "Apache",
      "dependencies": {
        "antlr4-c3": "^2.2.1",
        "antlr4ts": "^0.5.0-alpha.4"
      },
      "devDependencies": {
        "antlr4ts-cli": "^0.5.0-alpha.4"
      }
    },
    "node_modules/antlr4-c3": {
      "version": "2.2.1",
      "resolved": "https://registry.npmjs.org/antlr4-c3/-/antlr4-c3-2.2.1.tgz",
      "integrity": "sha512-1I1pWahqrgox35Ewufw31UUikYc2jwQE6V0i5q7tGOpzf8W78isaGZSxQn96Edn5pjQl8MISX17bEv4bLBEp/w==",
      "dependencies": {
        "antlr4ts": "^0.5.0-alpha.4"
      }
    },
    "node_modules/antlr4ts": {
      "version": "0.5.0-alpha.4",
      "resolved": "https://registry.npmjs.org/antlr4ts/-/antlr4ts-0.5.0-alpha.4.tgz",
      "integrity": "sha512-WPQDt1B74OfPv/IMS2ekXAKkTZIHl88uMetg6q3OTqgFxZ/dxDXI0EWLyZid/1Pe6hTftyg5N7gel5wNAGxXyQ=="
    },
    "node_modules/antlr4ts-cli": {
      "version": "0.5.0-alpha.4",
      "resolved": "https://registry.npmjs.org/antlr4ts-cli/-/antlr4ts-cli-0.5.0-alpha.4.tgz",
      "integrity": "sha512-lVPVBTA2CVHRYILSKilL6Jd4hAumhSZZWA7UbQNQrmaSSj7dPmmYaN4bOmZG79cOy0lS00i4LY68JZZjZMWVrw==",
      "dev": true,
      "bin": {
        "antlr4ts": "antlr4ts"
      }
    }
  },
  "dependencies": {
    "antlr4-c3": {
      "version": "2.2.1",
      "resolved": "https://registry.npmjs.org/antlr4-c3/-/antlr4-c3-2.2.1.tgz",
      "integrity": "sha512-1I1pWahqrgox35Ewufw31UUikYc2jwQE6V0i5q7tGOpzf8W78isaGZSxQn96Edn5pjQl8MISX17bEv4bLBEp/w==",
      "requires": {
        "antlr4ts": "^0.5.0-alpha.4"
      }
    },
    "antlr4ts": {
      "version": "0.5.0-alpha.4",
      "resolved": "https://registry.npmjs.org/antlr4ts/-/antlr4ts-0.5.0-alpha.4.tgz",
      "integrity": "sha512-WPQDt1B74OfPv/IMS2ekXAKkTZIHl88uMetg6q3OTqgFxZ/dxDXI0EWLyZid/1Pe6hTftyg5N7gel5wNAGxXyQ=="
    },
    "antlr4ts-cli": {
      "version": "0.5.0-alpha.4",
      "resolved": "https://registry.npmjs.org/antlr4ts-cli/-/antlr4ts-cli-0.5.0-alpha.4.tgz",
      "integrity": "sha512-lVPVBTA2CVHRYILSKilL6Jd4hAumhSZZWA7UbQNQrmaSSj7dPmmYaN4bOmZG79cOy0lS00i4LY68JZZjZMWVrw==",
      "dev": true
    }
  }
}
